<Solution>
  <Folder Name="/Examples/">
    <Project Path="TodoBlazor/TodoBlazor.csproj" />
  </Folder>
  <Folder Name="/Opgaver/">
    <File Path="opgaver/opgaver.md" />
  </Folder>
  <Folder Name="/Slides/">
    <File Path="Slides/Blazor_WebAssembly.md" />
  </Folder>
  <Project Path="ConnectFour/ConnectFour.csproj" />
</Solution>
